
Microsoft Visual Studio Solution File, Format Version 12.00
# Visual Studio Version 16
VisualStudioVersion = 16.0.30406.217
MinimumVisualStudioVersion = 10.0.40219.1
Project("{FAE04EC0-301F-11D3-BF4B-00C04F79EFBC}") = "Calculadora Arco Tangente", "Calculadora Arco Tangente\Calculadora Arco Tangente.csproj", "{5867D599-DA91-4CE6-9EC2-496226C1D04B}"
EndProject
Global
	GlobalSection(SolutionConfigurationPlatforms) = preSolution
		Debug|Any CPU = Debug|Any CPU
		Release|Any CPU = Release|Any CPU
	EndGlobalSection
	GlobalSection(ProjectConfigurationPlatforms) = postSolution
		{5867D599-DA91-4CE6-9EC2-496226C1D04B}.Debug|Any CPU.ActiveCfg = Debug|Any CPU
		{5867D599-DA91-4CE6-9EC2-496226C1D04B}.Debug|Any CPU.Build.0 = Debug|Any CPU
		{5867D599-DA91-4CE6-9EC2-496226C1D04B}.Release|Any CPU.ActiveCfg = Release|Any CPU
		{5867D599-DA91-4CE6-9EC2-496226C1D04B}.Release|Any CPU.Build.0 = Release|Any CPU
	EndGlobalSection
	GlobalSection(SolutionProperties) = preSolution
		HideSolutionNode = FALSE
	EndGlobalSection
	GlobalSection(ExtensibilityGlobals) = postSolution
		SolutionGuid = {DD6E0685-EF1F-4E02-8AF2-27AFC57DD18E}
	EndGlobalSection
EndGlobal
